<?xml version="1.0" encoding="utf-8"?>
<Project ToolsVersion="16.0" xmlns="http://schemas.microsoft.com/developer/msbuild/2003">
  <ItemGroup>
    <ClCompile Include="C:\Users\Pascal5333\Downloads\portaudio\src\common\pa_allocation.c">
      <Filter>common</Filter>
    </ClCompile>
    <ClCompile Include="C:\Users\Pascal5333\Downloads\portaudio\src\common\pa_converters.c">
      <Filter>common</Filter>
    </ClCompile>
    <ClCompile Include="C:\Users\Pascal5333\Downloads\portaudio\src\common\pa_cpuload.c">
      <Filter>common</Filter>
    </ClCompile>
    <ClCompile Include="C:\Users\Pascal5333\Downloads\portaudio\src\common\pa_debugprint.c">
      <Filter>common</Filter>
    </ClCompile>
    <ClCompile Include="C:\Users\Pascal5333\Downloads\portaudio\src\common\pa_dither.c">
      <Filter>common</Filter>
    </ClCompile>
    <ClCompile Include="C:\Users\Pascal5333\Downloads\portaudio\src\common\pa_front.c">
      <Filter>common</Filter>
    </ClCompile>
    <ClCompile Include="C:\Users\Pascal5333\Downloads\portaudio\src\common\pa_process.c">
      <Filter>common</Filter>
    </ClCompile>
    <ClCompile Include="C:\Users\Pascal5333\Downloads\portaudio\src\common\pa_ringbuffer.c">
      <Filter>common</Filter>
    </ClCompile>
    <ClCompile Include="C:\Users\Pascal5333\Downloads\portaudio\src\common\pa_stream.c">
      <Filter>common</Filter>
    </ClCompile>
    <ClCompile Include="C:\Users\Pascal5333\Downloads\portaudio\src\common\pa_trace.c">
      <Filter>common</Filter>
    </ClCompile>
    <ClCompile Include="C:\Users\Pascal5333\Downloads\portaudio\src\hostapi\skeleton\pa_hostapi_skeleton.c">
      <Filter>hostapi\skeleton</Filter>
    </ClCompile>
    <ClCompile Include="C:\Users\Pascal5333\Downloads\portaudio\src\os\win\pa_win_hostapis.c">
      <Filter>os\win</Filter>
    </ClCompile>
    <ClCompile Include="C:\Users\Pascal5333\Downloads\portaudio\src\os\win\pa_win_util.c">
      <Filter>os\win</Filter>
    </ClCompile>
    <ClCompile Include="C:\Users\Pascal5333\Downloads\portaudio\src\os\win\pa_win_waveformat.c">
      <Filter>os\win</Filter>
    </ClCompile>
    <ClCompile Include="C:\Users\Pascal5333\Downloads\portaudio\src\os\win\pa_win_wdmks_utils.c">
      <Filter>os\win</Filter>
    </ClCompile>
    <ClCompile Include="C:\Users\Pascal5333\Downloads\portaudio\src\os\win\pa_win_coinitialize.c">
      <Filter>os\win</Filter>
    </ClCompile>
    <ClCompile Include="C:\Users\Pascal5333\Downloads\portaudio\src\os\win\pa_x86_plain_converters.c">
      <Filter>os\win</Filter>
    </ClCompile>
    <ClCompile Include="C:\Users\Pascal5333\Downloads\portaudio\src\hostapi\wmme\pa_win_wmme.c">
      <Filter>hostapi\wmme</Filter>
    </ClCompile>
    <ClCompile Include="C:\Users\Pascal5333\Downloads\portaudio\src\hostapi\wdmks\pa_win_wdmks.c">
      <Filter>hostapi\wdmks</Filter>
    </ClCompile>
  </ItemGroup>
  <ItemGroup>
    <ClInclude Include="C:\Users\Pascal5333\Downloads\portaudio\src\os\win\pa_win_coinitialize.h">
      <Filter>os\win</Filter>
    </ClInclude>
    <ClInclude Include="C:\Users\Pascal5333\Downloads\portaudio\src\os\win\pa_win_wdmks_utils.h">
      <Filter>os\win</Filter>
    </ClInclude>
    <ClInclude Include="C:\Users\Pascal5333\Downloads\portaudio\src\os\win\pa_x86_plain_converters.h">
      <Filter>os\win</Filter>
    </ClInclude>
    <ClInclude Include="C:\Users\Pascal5333\Downloads\portaudio\options_cmake.h">
      <Filter>cmake_generated</Filter>
    </ClInclude>
    <ClInclude Include="C:\Users\Pascal5333\Downloads\portaudio\include\portaudio.h">
      <Filter>include</Filter>
    </ClInclude>
    <ClInclude Include="C:\Users\Pascal5333\Downloads\portaudio\include\pa_win_wmme.h">
      <Filter>include</Filter>
    </ClInclude>
    <ClInclude Include="C:\Users\Pascal5333\Downloads\portaudio\include\pa_win_wdmks.h">
      <Filter>include</Filter>
    </ClInclude>
    <ClInclude Include="C:\Users\Pascal5333\Downloads\portaudio\src\common\pa_allocation.h">
      <Filter>common</Filter>
    </ClInclude>
    <ClInclude Include="C:\Users\Pascal5333\Downloads\portaudio\src\common\pa_converters.h">
      <Filter>common</Filter>
    </ClInclude>
    <ClInclude Include="C:\Users\Pascal5333\Downloads\portaudio\src\common\pa_cpuload.h">
      <Filter>common</Filter>
    </ClInclude>
    <ClInclude Include="C:\Users\Pascal5333\Downloads\portaudio\src\common\pa_debugprint.h">
      <Filter>common</Filter>
    </ClInclude>
    <ClInclude Include="C:\Users\Pascal5333\Downloads\portaudio\src\common\pa_dither.h">
      <Filter>common</Filter>
    </ClInclude>
    <ClInclude Include="C:\Users\Pascal5333\Downloads\portaudio\src\common\pa_endianness.h">
      <Filter>common</Filter>
    </ClInclude>
    <ClInclude Include="C:\Users\Pascal5333\Downloads\portaudio\src\common\pa_hostapi.h">
      <Filter>common</Filter>
    </ClInclude>
    <ClInclude Include="C:\Users\Pascal5333\Downloads\portaudio\src\common\pa_memorybarrier.h">
      <Filter>common</Filter>
    </ClInclude>
    <ClInclude Include="C:\Users\Pascal5333\Downloads\portaudio\src\common\pa_process.h">
      <Filter>common</Filter>
    </ClInclude>
    <ClInclude Include="C:\Users\Pascal5333\Downloads\portaudio\src\common\pa_ringbuffer.h">
      <Filter>common</Filter>
    </ClInclude>
    <ClInclude Include="C:\Users\Pascal5333\Downloads\portaudio\src\common\pa_stream.h">
      <Filter>common</Filter>
    </ClInclude>
    <ClInclude Include="C:\Users\Pascal5333\Downloads\portaudio\src\common\pa_trace.h">
      <Filter>common</Filter>
    </ClInclude>
    <ClInclude Include="C:\Users\Pascal5333\Downloads\portaudio\src\common\pa_types.h">
      <Filter>common</Filter>
    </ClInclude>
    <ClInclude Include="C:\Users\Pascal5333\Downloads\portaudio\src\common\pa_util.h">
      <Filter>common</Filter>
    </ClInclude>
  </ItemGroup>
  <ItemGroup>
    <CustomBuild Include="C:\Users\Pascal5333\Downloads\portaudio\CMakeLists.txt" />
  </ItemGroup>
  <ItemGroup>
    <Filter Include="cmake_generated">
      <UniqueIdentifier>{D020B84E-E947-3BC8-9A63-69A564859724}</UniqueIdentifier>
    </Filter>
    <Filter Include="common">
      <UniqueIdentifier>{D1ADC5D3-B2F8-3B2E-8B5C-6D5FBEE1A1DE}</UniqueIdentifier>
    </Filter>
    <Filter Include="hostapi">
      <UniqueIdentifier>{00341BA1-BC23-376B-A1E0-06044A733C14}</UniqueIdentifier>
    </Filter>
    <Filter Include="hostapi\skeleton">
      <UniqueIdentifier>{22244C87-66A9-352E-AE5F-2732156438C2}</UniqueIdentifier>
    </Filter>
    <Filter Include="hostapi\wdmks">
      <UniqueIdentifier>{31BBAC93-378E-329B-A55A-3A7E5B3A37FE}</UniqueIdentifier>
    </Filter>
    <Filter Include="hostapi\wmme">
      <UniqueIdentifier>{C568C6AE-9E89-3B4D-9A1D-F693CDA38049}</UniqueIdentifier>
    </Filter>
    <Filter Include="include">
      <UniqueIdentifier>{8E0D40EA-4F8B-3B72-A412-7A6986DCC230}</UniqueIdentifier>
    </Filter>
    <Filter Include="os">
      <UniqueIdentifier>{99191E61-8564-3E57-98ED-8F2846909BC0}</UniqueIdentifier>
    </Filter>
    <Filter Include="os\win">
      <UniqueIdentifier>{76C87792-1E60-32DF-A33D-563FAA81BDFB}</UniqueIdentifier>
    </Filter>
  </ItemGroup>
</Project>
